
Microsoft Visual Studio Solution File, Format Version 12.00
# Visual Studio Version 16
VisualStudioVersion = 16.0.29503.13
MinimumVisualStudioVersion = 10.0.40219.1
Project("{FAE04EC0-301F-11D3-BF4B-00C04F79EFBC}") = "048_exercise", "048_exercise\048_exercise.csproj", "{F8965919-A90A-4946-99E3-ACAC5C9A717A}"
EndProject
Global
	GlobalSection(SolutionConfigurationPlatforms) = preSolution
		Debug|Any CPU = Debug|Any CPU
		Release|Any CPU = Release|Any CPU
	EndGlobalSection
	GlobalSection(ProjectConfigurationPlatforms) = postSolution
		{F8965919-A90A-4946-99E3-ACAC5C9A717A}.Debug|Any CPU.ActiveCfg = Debug|Any CPU
		{F8965919-A90A-4946-99E3-ACAC5C9A717A}.Debug|Any CPU.Build.0 = Debug|Any CPU
		{F8965919-A90A-4946-99E3-ACAC5C9A717A}.Release|Any CPU.ActiveCfg = Release|Any CPU
		{F8965919-A90A-4946-99E3-ACAC5C9A717A}.Release|Any CPU.Build.0 = Release|Any CPU
	EndGlobalSection
	GlobalSection(SolutionProperties) = preSolution
		HideSolutionNode = FALSE
	EndGlobalSection
	GlobalSection(ExtensibilityGlobals) = postSolution
		SolutionGuid = {B262A6BF-E42A-480F-AF55-27AD507FAAAC}
	EndGlobalSection
EndGlobal
